
Microsoft Visual Studio Solution File, Format Version 12.00
# Visual Studio 15
VisualStudioVersion = 15.0.28307.168
MinimumVisualStudioVersion = 10.0.40219.1
Project("{FAE04EC0-301F-11D3-BF4B-00C04F79EFBC}") = "Prework-Calculator", "Prework-Calculator\Prework-Calculator.csproj", "{FAAEC7CF-5C50-468B-9C3D-398BBC8A6F72}"
EndProject
Global
	GlobalSection(SolutionConfigurationPlatforms) = preSolution
		Debug|Any CPU = Debug|Any CPU
		Release|Any CPU = Release|Any CPU
	EndGlobalSection
	GlobalSection(ProjectConfigurationPlatforms) = postSolution
		{FAAEC7CF-5C50-468B-9C3D-398BBC8A6F72}.Debug|Any CPU.ActiveCfg = Debug|Any CPU
		{FAAEC7CF-5C50-468B-9C3D-398BBC8A6F72}.Debug|Any CPU.Build.0 = Debug|Any CPU
		{FAAEC7CF-5C50-468B-9C3D-398BBC8A6F72}.Release|Any CPU.ActiveCfg = Release|Any CPU
		{FAAEC7CF-5C50-468B-9C3D-398BBC8A6F72}.Release|Any CPU.Build.0 = Release|Any CPU
	EndGlobalSection
	GlobalSection(SolutionProperties) = preSolution
		HideSolutionNode = FALSE
	EndGlobalSection
	GlobalSection(ExtensibilityGlobals) = postSolution
		SolutionGuid = {36738739-AB19-45FE-9191-B8F3B9D49E46}
	EndGlobalSection
EndGlobal
